lockfileVersion: '6.0'

settings:
  autoInstallPeers: true
  excludeLinksFromLockfile: false

dependencies:
  dompurify:
    specifier: ^3.0.10
    version: 3.0.10

packages:

  /dompurify@3.0.10:
    resolution: {integrity: sha512-WZDL8ZHTliEVP3Lk4phtvjg8SNQ3YMc5WVstxE8cszKZrFjzI4PF4ZTIk9VGAc9vZADO7uGO2V/ZiStcRSAT4Q==}
    dev: false
